
Microsoft Visual Studio Solution File, Format Version 12.00
# Visual Studio 2013
VisualStudioVersion = 12.0.21005.1
MinimumVisualStudioVersion = 10.0.40219.1
Project("{8BC9CEB8-8B4A-11D0-8D11-00A0C91BC942}") = "S3Sim", "S3Sim\S3Sim.vcxproj", "{968CFE89-8229-4A28-A486-9018502F6964}"
EndProject
Project("{8BC9CEB8-8B4A-11D0-8D11-00A0C91BC942}") = "DEStest", "testprojects\DEStest\DEStest.vcxproj", "{5EB36385-F3B4-437B-8EA9-4BEB15F5556B}"
EndProject
Project("{8BC9CEB8-8B4A-11D0-8D11-00A0C91BC942}") = "PRandTest", "testprojects\PRandTest\PRandTest.vcxproj", "{B3EC7C1E-DA8E-4BD4-A561-CB920E4C1F0B}"
EndProject
Project("{2150E333-8FDC-42A3-9474-1A3956D46DE8}") = "Solution Items", "Solution Items", "{26B59B51-FC33-4B3A-A92E-853BA7199FB0}"
EndProject
Global
	GlobalSection(SolutionConfigurationPlatforms) = preSolution
		Debug|Win32 = Debug|Win32
		Release|Win32 = Release|Win32
	EndGlobalSection
	GlobalSection(ProjectConfigurationPlatforms) = postSolution
		{968CFE89-8229-4A28-A486-9018502F6964}.Debug|Win32.ActiveCfg = Debug|Win32
		{968CFE89-8229-4A28-A486-9018502F6964}.Debug|Win32.Build.0 = Debug|Win32
		{968CFE89-8229-4A28-A486-9018502F6964}.Release|Win32.ActiveCfg = Release|Win32
		{968CFE89-8229-4A28-A486-9018502F6964}.Release|Win32.Build.0 = Release|Win32
		{5EB36385-F3B4-437B-8EA9-4BEB15F5556B}.Debug|Win32.ActiveCfg = Debug|Win32
		{5EB36385-F3B4-437B-8EA9-4BEB15F5556B}.Debug|Win32.Build.0 = Debug|Win32
		{5EB36385-F3B4-437B-8EA9-4BEB15F5556B}.Release|Win32.ActiveCfg = Release|Win32
		{5EB36385-F3B4-437B-8EA9-4BEB15F5556B}.Release|Win32.Build.0 = Release|Win32
		{B3EC7C1E-DA8E-4BD4-A561-CB920E4C1F0B}.Debug|Win32.ActiveCfg = Debug|Win32
		{B3EC7C1E-DA8E-4BD4-A561-CB920E4C1F0B}.Debug|Win32.Build.0 = Debug|Win32
		{B3EC7C1E-DA8E-4BD4-A561-CB920E4C1F0B}.Release|Win32.ActiveCfg = Release|Win32
		{B3EC7C1E-DA8E-4BD4-A561-CB920E4C1F0B}.Release|Win32.Build.0 = Release|Win32
	EndGlobalSection
	GlobalSection(SolutionProperties) = preSolution
		HideSolutionNode = FALSE
	EndGlobalSection
EndGlobal
