<?xml version="1.0" encoding="utf-8"?>
<Project ToolsVersion="4.0" xmlns="http://schemas.microsoft.com/developer/msbuild/2003">
  <ItemGroup>
    <Filter Include="Source Files">
      <UniqueIdentifier>{4FC737F1-C7A5-4376-A066-2A32D752A2FF}</UniqueIdentifier>
      <Extensions>cpp;c;cc;cxx;def;odl;idl;hpj;bat;asm;asmx</Extensions>
    </Filter>
    <Filter Include="Header Files">
      <UniqueIdentifier>{93995380-89BD-4b04-88EB-625FBE52EBFB}</UniqueIdentifier>
      <Extensions>h;hpp;hxx;hm;inl;inc;xsd</Extensions>
    </Filter>
    <Filter Include="Resource Files">
      <UniqueIdentifier>{67DA6AB6-F800-4c08-8B7A-83BB121AAD01}</UniqueIdentifier>
      <Extensions>rc;ico;cur;bmp;dlg;rc2;rct;bin;rgs;gif;jpg;jpeg;jpe;resx;tiff;tif;png;wav;mfcribbon-ms</Extensions>
    </Filter>
    <Filter Include="Globals">
      <UniqueIdentifier>{52c53701-5db1-43c1-a884-c8d7fed96527}</UniqueIdentifier>
    </Filter>
    <Filter Include="commonsrc">
      <UniqueIdentifier>{990c0316-e425-4c2c-895d-c7682df7542a}</UniqueIdentifier>
    </Filter>
  </ItemGroup>
  <ItemGroup>
    <ClCompile Include="S3_main.cpp">
      <Filter>Source Files</Filter>
    </ClCompile>
    <ClCompile Include="..\src\Job.cpp">
      <Filter>commonsrc</Filter>
    </ClCompile>
    <ClCompile Include="..\src\yLog.cpp">
      <Filter>commonsrc</Filter>
    </ClCompile>
    <ClCompile Include="..\src\GlobalsAndTypes.cpp">
      <Filter>commonsrc</Filter>
    </ClCompile>
    <ClCompile Include="..\src\DES.cpp">
      <Filter>commonsrc</Filter>
    </ClCompile>
    <ClCompile Include="..\src\SRPT.cpp">
      <Filter>commonsrc</Filter>
    </ClCompile>
    <ClCompile Include="..\src\PRandomGen.cpp">
      <Filter>commonsrc</Filter>
    </ClCompile>
    <ClCompile Include="..\src\SingleSpeed.cpp">
      <Filter>commonsrc</Filter>
    </ClCompile>
  </ItemGroup>
  <ItemGroup>
    <ClInclude Include="..\src\FCFS.h">
      <Filter>Header Files</Filter>
    </ClInclude>
    <ClInclude Include="..\src\FSP.h">
      <Filter>Header Files</Filter>
    </ClInclude>
    <ClInclude Include="..\src\Job.h">
      <Filter>Header Files</Filter>
    </ClInclude>
    <ClInclude Include="..\src\PS.h">
      <Filter>Header Files</Filter>
    </ClInclude>
    <ClInclude Include="..\src\Scheduler.h">
      <Filter>Header Files</Filter>
    </ClInclude>
    <ClInclude Include="..\src\SpeedScaler.h">
      <Filter>Header Files</Filter>
    </ClInclude>
    <ClInclude Include="..\src\SRPT.h">
      <Filter>Header Files</Filter>
    </ClInclude>
    <ClInclude Include="..\src\WorkLoadGenerator.h">
      <Filter>Header Files</Filter>
    </ClInclude>
    <ClInclude Include="..\src\yLog.h">
      <Filter>Header Files</Filter>
    </ClInclude>
    <ClInclude Include="..\src\DES.h">
      <Filter>Header Files</Filter>
    </ClInclude>
    <ClInclude Include="..\src\Event.h">
      <Filter>Header Files</Filter>
    </ClInclude>
    <ClInclude Include="..\src\GlobalsAndTypes.h">
      <Filter>Globals</Filter>
    </ClInclude>
    <ClInclude Include="..\src\DESLogger.h">
      <Filter>Header Files</Filter>
    </ClInclude>
    <ClInclude Include="..\src\PRandomGen.h">
      <Filter>Header Files</Filter>
    </ClInclude>
    <ClInclude Include="..\src\SingleSpeed.h">
      <Filter>Header Files</Filter>
    </ClInclude>
    <ClInclude Include="..\src\WorkLoadFileWrapper.h">
      <Filter>Header Files</Filter>
    </ClInclude>
  </ItemGroup>
</Project>