<?xml version="1.0" encoding="utf-8"?>
<Project ToolsVersion="4.0" xmlns="http://schemas.microsoft.com/developer/msbuild/2003">
  <ItemGroup>
    <Filter Include="Source Files">
      <UniqueIdentifier>{4FC737F1-C7A5-4376-A066-2A32D752A2FF}</UniqueIdentifier>
      <Extensions>cpp;c;cc;cxx;def;odl;idl;hpj;bat;asm;asmx</Extensions>
    </Filter>
    <Filter Include="Header Files">
      <UniqueIdentifier>{93995380-89BD-4b04-88EB-625FBE52EBFB}</UniqueIdentifier>
      <Extensions>h;hpp;hxx;hm;inl;inc;xsd</Extensions>
    </Filter>
    <Filter Include="Resource Files">
      <UniqueIdentifier>{67DA6AB6-F800-4c08-8B7A-83BB121AAD01}</UniqueIdentifier>
      <Extensions>rc;ico;cur;bmp;dlg;rc2;rct;bin;rgs;gif;jpg;jpeg;jpe;resx;tiff;tif;png;wav;mfcribbon-ms</Extensions>
    </Filter>
    <Filter Include="commonsrc">
      <UniqueIdentifier>{e5b18f17-5ad2-43f0-9b39-0c412cc7ab6a}</UniqueIdentifier>
    </Filter>
  </ItemGroup>
  <ItemGroup>
    <ClCompile Include="DEStest.cpp">
      <Filter>Source Files</Filter>
    </ClCompile>
    <ClCompile Include="..\..\src\DES.cpp">
      <Filter>commonsrc</Filter>
    </ClCompile>
    <ClCompile Include="..\..\src\GlobalsAndTypes.cpp">
      <Filter>commonsrc</Filter>
    </ClCompile>
    <ClCompile Include="..\..\src\Job.cpp">
      <Filter>commonsrc</Filter>
    </ClCompile>
    <ClCompile Include="..\..\src\PRandomGen.cpp">
      <Filter>commonsrc</Filter>
    </ClCompile>
    <ClCompile Include="..\..\src\SingleSpeed.cpp">
      <Filter>commonsrc</Filter>
    </ClCompile>
    <ClCompile Include="..\..\src\SRPT.cpp">
      <Filter>commonsrc</Filter>
    </ClCompile>
    <ClCompile Include="..\..\src\yLog.cpp">
      <Filter>commonsrc</Filter>
    </ClCompile>
    <ClCompile Include="..\..\src\WorkloadFileWrapper.cpp">
      <Filter>commonsrc</Filter>
    </ClCompile>
    <ClCompile Include="..\..\src\BasicLogger.cpp">
      <Filter>commonsrc</Filter>
    </ClCompile>
    <ClCompile Include="..\..\src\Configuration.cpp">
      <Filter>commonsrc</Filter>
    </ClCompile>
    <ClCompile Include="..\..\src\ProbeSetting.cpp">
      <Filter>commonsrc</Filter>
    </ClCompile>
    <ClCompile Include="..\..\src\RoundZeroLogger.cpp">
      <Filter>commonsrc</Filter>
    </ClCompile>
    <ClCompile Include="..\..\src\AlphaPowerFunction.cpp">
      <Filter>commonsrc</Filter>
    </ClCompile>
    <ClCompile Include="..\..\src\CoupledSpeed.cpp">
      <Filter>commonsrc</Filter>
    </ClCompile>
    <ClCompile Include="..\..\src\PS.cpp">
      <Filter>commonsrc</Filter>
    </ClCompile>
    <ClCompile Include="..\..\src\FSP.cpp">
      <Filter>commonsrc</Filter>
    </ClCompile>
    <ClCompile Include="..\..\src\ShadowSpeed.cpp">
      <Filter>commonsrc</Filter>
    </ClCompile>
    <ClCompile Include="..\..\src\WLGenPareto.cpp">
      <Filter>commonsrc</Filter>
    </ClCompile>
    <ClCompile Include="..\..\src\WLGenExponential.cpp">
      <Filter>commonsrc</Filter>
    </ClCompile>
    <ClCompile Include="..\..\src\WLGenCustom.cpp">
      <Filter>commonsrc</Filter>
    </ClCompile>
    <ClCompile Include="..\..\src\LRPT.cpp">
      <Filter>commonsrc</Filter>
    </ClCompile>
    <ClCompile Include="..\..\src\LRPTSpeed.cpp">
      <Filter>commonsrc</Filter>
    </ClCompile>
    <ClCompile Include="..\..\src\RandomSpeed.cpp">
      <Filter>commonsrc</Filter>
    </ClCompile>
    <ClCompile Include="..\..\src\WLGenBatchExponential.cpp">
      <Filter>commonsrc</Filter>
    </ClCompile>
    <ClCompile Include="..\..\src\FCFS.cpp">
      <Filter>commonsrc</Filter>
    </ClCompile>
    <ClCompile Include="..\..\src\SJF.cpp">
      <Filter>commonsrc</Filter>
    </ClCompile>
    <ClCompile Include="..\..\src\PSBS.cpp">
      <Filter>commonsrc</Filter>
    </ClCompile>
    <ClCompile Include="..\..\src\ShadowSpeedEstimateSize.cpp">
      <Filter>commonsrc</Filter>
    </ClCompile>
    <ClCompile Include="..\..\src\FSPEI.cpp">
      <Filter>commonsrc</Filter>
    </ClCompile>
  </ItemGroup>
  <ItemGroup>
    <ClInclude Include="..\..\src\DES.h">
      <Filter>Header Files</Filter>
    </ClInclude>
    <ClInclude Include="..\..\src\yLog.h">
      <Filter>Header Files</Filter>
    </ClInclude>
    <ClInclude Include="..\..\src\DESLogger.h">
      <Filter>Header Files</Filter>
    </ClInclude>
    <ClInclude Include="..\..\src\Event.h">
      <Filter>Header Files</Filter>
    </ClInclude>
    <ClInclude Include="..\..\src\FSP.h">
      <Filter>Header Files</Filter>
    </ClInclude>
    <ClInclude Include="..\..\src\Job.h">
      <Filter>Header Files</Filter>
    </ClInclude>
    <ClInclude Include="..\..\src\PRandomGen.h">
      <Filter>Header Files</Filter>
    </ClInclude>
    <ClInclude Include="..\..\src\PS.h">
      <Filter>Header Files</Filter>
    </ClInclude>
    <ClInclude Include="..\..\src\Scheduler.h">
      <Filter>Header Files</Filter>
    </ClInclude>
    <ClInclude Include="..\..\src\SingleSpeed.h">
      <Filter>Header Files</Filter>
    </ClInclude>
    <ClInclude Include="..\..\src\SpeedScaler.h">
      <Filter>Header Files</Filter>
    </ClInclude>
    <ClInclude Include="..\..\src\SRPT.h">
      <Filter>Header Files</Filter>
    </ClInclude>
    <ClInclude Include="..\..\src\WorkLoadFileWrapper.h">
      <Filter>Header Files</Filter>
    </ClInclude>
    <ClInclude Include="..\..\src\WorkLoadGenerator.h">
      <Filter>Header Files</Filter>
    </ClInclude>
    <ClInclude Include="..\..\src\GlobalsAndTypes.h">
      <Filter>Header Files</Filter>
    </ClInclude>
    <ClInclude Include="..\..\src\ProbeSetting.h">
      <Filter>Header Files</Filter>
    </ClInclude>
    <ClInclude Include="..\..\src\RoundZeroLogger.h">
      <Filter>Header Files</Filter>
    </ClInclude>
    <ClInclude Include="..\..\src\PowerFunction.h">
      <Filter>Header Files</Filter>
    </ClInclude>
    <ClInclude Include="..\..\src\AlphaPowerFunction.h">
      <Filter>Header Files</Filter>
    </ClInclude>
    <ClInclude Include="..\..\src\Configuration.h">
      <Filter>Header Files</Filter>
    </ClInclude>
    <ClInclude Include="..\..\src\CoupledSpeed.h">
      <Filter>Header Files</Filter>
    </ClInclude>
    <ClInclude Include="..\..\src\BasicLogger.h">
      <Filter>Header Files</Filter>
    </ClInclude>
    <ClInclude Include="..\..\src\ShadowSpeed.h">
      <Filter>Header Files</Filter>
    </ClInclude>
    <ClInclude Include="..\..\src\WLGenExponential.h">
      <Filter>Header Files</Filter>
    </ClInclude>
    <ClInclude Include="..\..\src\WLGenPareto.h">
      <Filter>Header Files</Filter>
    </ClInclude>
    <ClInclude Include="..\..\src\WLGenCustom.h">
      <Filter>Header Files</Filter>
    </ClInclude>
    <ClInclude Include="..\..\src\LRPT.h">
      <Filter>Header Files</Filter>
    </ClInclude>
    <ClInclude Include="..\..\src\LRPTSpeed.h">
      <Filter>Header Files</Filter>
    </ClInclude>
    <ClInclude Include="..\..\src\RandomSpeed.h">
      <Filter>Header Files</Filter>
    </ClInclude>
    <ClInclude Include="..\..\src\WLGenBatchExponential.h">
      <Filter>Header Files</Filter>
    </ClInclude>
    <ClInclude Include="..\..\src\FCFS.h">
      <Filter>Header Files</Filter>
    </ClInclude>
    <ClInclude Include="..\..\src\SJF.h">
      <Filter>Header Files</Filter>
    </ClInclude>
    <ClInclude Include="..\..\src\PSBS.h">
      <Filter>Header Files</Filter>
    </ClInclude>
    <ClInclude Include="..\..\src\ShadowSpeedEstimateSize.h">
      <Filter>Header Files</Filter>
    </ClInclude>
    <ClInclude Include="..\..\src\FSPEI.h">
      <Filter>Header Files</Filter>
    </ClInclude>
  </ItemGroup>
</Project>